github.com/dalefarnsworth-dmr/debug v1.0.18/go.mod h1:Pz2CVbdU7+6jxHfmqY2S9y/9wKg3M4WzIatuRxelYwQ=
github.com/dalefarnsworth-dmr/debug v1.0.19 h1:w8pEfd2F7msJ0wIfMM9PblLhe5mm831weFbZA8PUJsc=
github.com/dalefarnsworth-dmr/debug v1.0.19/go.mod h1:Pz2CVbdU7+6jxHfmqY2S9y/9wKg3M4WzIatuRxelYwQ=
github.com/dalefarnsworth-dmr/stdfu v1.0.19 h1:mR+SGh5aiHrBMkKXt14t4bGR5vGqPKOnbbrP2FIh1RQ=
github.com/dalefarnsworth-dmr/stdfu v1.0.19/go.mod h1:DiLCvz4eBcmbZv2cTkmnYdc6/frv2WJBYENruWPLVto=
github.com/dalefarnsworth-dmr/userdb v1.0.22 h1:Ou5rZ+vtU6+P9yDa7qFoMkSrPUssyXic8BAA9V2GKTo=
github.com/dalefarnsworth-dmr/userdb v1.0.22/go.mod h1:m6CtcD6hcg6XYzTH0gMgoYy+1/27yEamtH5MwMK6wPg=
github.com/google/gousb v2.1.0+incompatible h1:ApzMDjF3FeO219QwWybJxYfFhXQzPLOEy0o+w9k5DNI=
github.com/google/gousb v2.1.0+incompatible/go.mod h1:Tl4HdAs1ThE3gECkNwz+1MWicX6FXddhJEw7L8jRDiI=
golang.org/x/sys v0.1.0 h1:kunALQeHf1/185U1i0GOB/fy1IPRDDpuoOOqRReG57U=
golang.org/x/sys v0.1.0/go.mod h1:oPkhp1MJrh7nUepCBck5+mAzfO9JrbApNNgaTdGDITg=
